
Microsoft Visual Studio Solution File, Format Version 12.00
# Visual Studio Version 17
VisualStudioVersion = 17.7.34031.279
MinimumVisualStudioVersion = 10.0.40219.1
Project("{888888A0-9F3D-457C-B088-3A5042F75D52}") = "2 window program with classes", "2 window program with classes.pyproj", "{DB25BAF9-28EB-4FF2-8C64-488B8CFE80AB}"
EndProject
Global
	GlobalSection(SolutionConfigurationPlatforms) = preSolution
		Debug|Any CPU = Debug|Any CPU
		Release|Any CPU = Release|Any CPU
	EndGlobalSection
	GlobalSection(ProjectConfigurationPlatforms) = postSolution
		{DB25BAF9-28EB-4FF2-8C64-488B8CFE80AB}.Debug|Any CPU.ActiveCfg = Debug|Any CPU
		{DB25BAF9-28EB-4FF2-8C64-488B8CFE80AB}.Release|Any CPU.ActiveCfg = Release|Any CPU
	EndGlobalSection
	GlobalSection(SolutionProperties) = preSolution
		HideSolutionNode = FALSE
	EndGlobalSection
	GlobalSection(ExtensibilityGlobals) = postSolution
		SolutionGuid = {056547A6-01D1-46FC-95ED-4D816BE62AD4}
	EndGlobalSection
EndGlobal
